
Microsoft Visual Studio Solution File, Format Version 12.00
# Visual Studio Version 17
VisualStudioVersion = 17.14.36401.2
MinimumVisualStudioVersion = 10.0.40219.1
Project("{F14B399A-7131-4C87-9E4B-1186C45EF12D}") = "Reports", "Report3 (Instructor)\Reports.rptproj", "{0EDFC727-6650-103F-E1E3-361B9D0CB971}"
EndProject
Global
	GlobalSection(SolutionConfigurationPlatforms) = preSolution
		Debug|Default = Debug|Default
		DebugLocal|Default = DebugLocal|Default
		Release|Default = Release|Default
	EndGlobalSection
	GlobalSection(ProjectConfigurationPlatforms) = postSolution
		{0EDFC727-6650-103F-E1E3-361B9D0CB971}.Debug|Default.ActiveCfg = Debug
		{0EDFC727-6650-103F-E1E3-361B9D0CB971}.Debug|Default.Build.0 = Debug
		{0EDFC727-6650-103F-E1E3-361B9D0CB971}.Debug|Default.Deploy.0 = Debug
		{0EDFC727-6650-103F-E1E3-361B9D0CB971}.DebugLocal|Default.ActiveCfg = DebugLocal
		{0EDFC727-6650-103F-E1E3-361B9D0CB971}.DebugLocal|Default.Build.0 = DebugLocal
		{0EDFC727-6650-103F-E1E3-361B9D0CB971}.Release|Default.ActiveCfg = Release
		{0EDFC727-6650-103F-E1E3-361B9D0CB971}.Release|Default.Build.0 = Release
		{0EDFC727-6650-103F-E1E3-361B9D0CB971}.Release|Default.Deploy.0 = Release
	EndGlobalSection
	GlobalSection(SolutionProperties) = preSolution
		HideSolutionNode = FALSE
	EndGlobalSection
	GlobalSection(ExtensibilityGlobals) = postSolution
		SolutionGuid = {03520824-7B61-4EAA-88D4-3A578F6320B3}
	EndGlobalSection
EndGlobal
